{
  "originHash" : "552c7322e4636de80490bdaf48852ab6a79c615da1656b6943b01ff7650fc333",
  "pins" : [
    {
      "identity" : "trykmmrepo",
      "kind" : "remoteSourceControl",
      "location" : "https://github.com/tshion/TryKMMRepo",
      "state" : {
        "revision" : "1fcba20b21e2d6f0dc85b9fab19c5ed7ebf49259",
        "version" : "0.1.4"
      }
    }
  ],
  "version" : 3
}
